
Microsoft Visual Studio Solution File, Format Version 12.00
# Visual Studio Version 17
VisualStudioVersion = 17.14.36603.0 d17.14
MinimumVisualStudioVersion = 10.0.40219.1
Project("{FAE04EC0-301F-11D3-BF4B-00C04F79EFBC}") = "Bailinho_senior_system", "Bailinho_senior_system\Bailinho_senior_system.csproj", "{5E7DEB0F-CC85-4742-BFE1-56EB61A7BC72}"
EndProject
Global
	GlobalSection(SolutionConfigurationPlatforms) = preSolution
		Debug|Any CPU = Debug|Any CPU
		Release|Any CPU = Release|Any CPU
	EndGlobalSection
	GlobalSection(ProjectConfigurationPlatforms) = postSolution
		{5E7DEB0F-CC85-4742-BFE1-56EB61A7BC72}.Debug|Any CPU.ActiveCfg = Debug|Any CPU
		{5E7DEB0F-CC85-4742-BFE1-56EB61A7BC72}.Debug|Any CPU.Build.0 = Debug|Any CPU
		{5E7DEB0F-CC85-4742-BFE1-56EB61A7BC72}.Release|Any CPU.ActiveCfg = Release|Any CPU
		{5E7DEB0F-CC85-4742-BFE1-56EB61A7BC72}.Release|Any CPU.Build.0 = Release|Any CPU
	EndGlobalSection
	GlobalSection(SolutionProperties) = preSolution
		HideSolutionNode = FALSE
	EndGlobalSection
	GlobalSection(ExtensibilityGlobals) = postSolution
		SolutionGuid = {CC69E187-E25E-4914-9B9D-EAF722EB9A3D}
	EndGlobalSection
EndGlobal
