
Microsoft Visual Studio Solution File, Format Version 12.00
# Visual Studio Version 17
VisualStudioVersion = 17.14.36603.0 d17.14
MinimumVisualStudioVersion = 10.0.40219.1
Project("{FAE04EC0-301F-11D3-BF4B-00C04F79EFBC}") = "bailinho_senior_system", "bailinho_senior_system\bailinho_senior_system.csproj", "{0DC3E3CD-E1AE-4361-BAEF-3B51DE7B7DDA}"
EndProject
Global
	GlobalSection(SolutionConfigurationPlatforms) = preSolution
		Debug|Any CPU = Debug|Any CPU
		Release|Any CPU = Release|Any CPU
	EndGlobalSection
	GlobalSection(ProjectConfigurationPlatforms) = postSolution
		{0DC3E3CD-E1AE-4361-BAEF-3B51DE7B7DDA}.Debug|Any CPU.ActiveCfg = Debug|Any CPU
		{0DC3E3CD-E1AE-4361-BAEF-3B51DE7B7DDA}.Debug|Any CPU.Build.0 = Debug|Any CPU
		{0DC3E3CD-E1AE-4361-BAEF-3B51DE7B7DDA}.Release|Any CPU.ActiveCfg = Release|Any CPU
		{0DC3E3CD-E1AE-4361-BAEF-3B51DE7B7DDA}.Release|Any CPU.Build.0 = Release|Any CPU
	EndGlobalSection
	GlobalSection(SolutionProperties) = preSolution
		HideSolutionNode = FALSE
	EndGlobalSection
	GlobalSection(ExtensibilityGlobals) = postSolution
		SolutionGuid = {9537DD3A-5CF1-4445-8698-AB105CEB0780}
	EndGlobalSection
EndGlobal
